// !$*UTF8*$!
{
	archiveVersion = 1;
	classes = {
	};
	objectVersion = 46;
	objects = {

/* Begin PBXBuildFile section */
		4D5DE168A1170E957D3AB1B0 /* Pods_GeometrySample.framework in Frameworks */ = {isa = PBXBuildFile; fileRef = BDF264A50559045ED1FE0F09 /* Pods_GeometrySample.framework */; };
		A72506686D545E9EB52B72E4 /* Pods_GeometrySampleTests.framework in Frameworks */ = {isa = PBXBuildFile; fileRef = B8A851B423459423D13B7160 /* Pods_GeometrySampleTests.framework */; };
		AE0F7D1E1EDD23DA00BD8414 /* Weak.swift in Sources */ = {isa = PBXBuildFile; fileRef = AEA2878D1EBCCC04002E425F /* Weak.swift */; };
		AE0F7D1F1EDD23DC00BD8414 /* OptionalProtocol.swift in Sources */ = {isa = PBXBuildFile; fileRef = AE4ECFC21EC1001B0053AFEA /* OptionalProtocol.swift */; };
		AE0F7D201EDD23DC00BD8414 /* HashableObject.swift in Sources */ = {isa = PBXBuildFile; fileRef = AE4ECFC81EC23BC60053AFEA /* HashableObject.swift */; };
		AE0F7D211EDD23DC00BD8414 /* ObjectSet.swift in Sources */ = {isa = PBXBuildFile; fileRef = AE4ECFC61EC23B680053AFEA /* ObjectSet.swift */; };
		AE0F7D221EDD23DC00BD8414 /* Cedula.swift in Sources */ = {isa = PBXBuildFile; fileRef = AE4ED2231EC40BFE0053AFEA /* Cedula.swift */; };
		AE0F7D231EDD23DC00BD8414 /* Association.swift in Sources */ = {isa = PBXBuildFile; fileRef = AE4ED22D1EC4C34E0053AFEA /* Association.swift */; };
		AE0F7D2A1EDD23E000BD8414 /* RawValueProtocol.swift in Sources */ = {isa = PBXBuildFile; fileRef = AE5613451ED295840004763B /* RawValueProtocol.swift */; };
		AE0F7D2B1EDD23E000BD8414 /* RawProtocols.swift in Sources */ = {isa = PBXBuildFile; fileRef = AE502F211ED26C8600E89AB3 /* RawProtocols.swift */; };
		AE0F7D2C1EDD23E000BD8414 /* RawTypes.swift in Sources */ = {isa = PBXBuildFile; fileRef = AEA287851EBCCC04002E425F /* RawTypes.swift */; };
		AE0F7D2D1EDD23E000BD8414 /* RawMath.swift in Sources */ = {isa = PBXBuildFile; fileRef = AEA287821EBCCC04002E425F /* RawMath.swift */; };
		AE0F7D2E1EDD23E000BD8414 /* RawExtensions.swift in Sources */ = {isa = PBXBuildFile; fileRef = AE502F231ED26CAF00E89AB3 /* RawExtensions.swift */; };
		AE0F7D2F1EDD23E000BD8414 /* MathError.swift in Sources */ = {isa = PBXBuildFile; fileRef = AEA287811EBCCC04002E425F /* MathError.swift */; };
		AE0F7D301EDD23E000BD8414 /* RawResult.swift in Sources */ = {isa = PBXBuildFile; fileRef = AEA287831EBCCC04002E425F /* RawResult.swift */; };
		AE0F7D311EDD23E000BD8414 /* RawResultMath.swift in Sources */ = {isa = PBXBuildFile; fileRef = AEA287841EBCCC04002E425F /* RawResultMath.swift */; };
		AE0F7D321EDD23E000BD8414 /* Complex.swift in Sources */ = {isa = PBXBuildFile; fileRef = AE56133A1ED292490004763B /* Complex.swift */; };
		AE0F7D331EDD23EE00BD8414 /* Polynomial.swift in Sources */ = {isa = PBXBuildFile; fileRef = AE5613501ED29E750004763B /* Polynomial.swift */; };
		AE0F7D341EDD23EE00BD8414 /* PolynomialRoots.swift in Sources */ = {isa = PBXBuildFile; fileRef = AE5613511ED29E750004763B /* PolynomialRoots.swift */; };
		AE0F7D351EDD23EE00BD8414 /* LinearPolynomial.swift in Sources */ = {isa = PBXBuildFile; fileRef = AE56134F1ED29E750004763B /* LinearPolynomial.swift */; };
		AE0F7D361EDD23EE00BD8414 /* QuadraticPolynomial.swift in Sources */ = {isa = PBXBuildFile; fileRef = AE5613521ED29E750004763B /* QuadraticPolynomial.swift */; };
		AE0F7D371EDD23EE00BD8414 /* CubicPolynomial.swift in Sources */ = {isa = PBXBuildFile; fileRef = AE56134E1ED29E750004763B /* CubicPolynomial.swift */; };
		AE0F7D381EDD23EE00BD8414 /* QuarticPolynomial.swift in Sources */ = {isa = PBXBuildFile; fileRef = AE5613531ED29E750004763B /* QuarticPolynomial.swift */; };
		AE0F7D391EDD23EE00BD8414 /* QuinticPolynomial.swift in Sources */ = {isa = PBXBuildFile; fileRef = AE5613541ED29E750004763B /* QuinticPolynomial.swift */; };
		AE0F7D3A1EDD23F800BD8414 /* LazyNode.swift in Sources */ = {isa = PBXBuildFile; fileRef = AEA287871EBCCC04002E425F /* LazyNode.swift */; };
		AE0F7D3E1EDD23FC00BD8414 /* Drawable.swift in Sources */ = {isa = PBXBuildFile; fileRef = AE4ECFCF1EC2BFB60053AFEA /* Drawable.swift */; };
		AE0F7D3F1EDD23FC00BD8414 /* Appearance.swift in Sources */ = {isa = PBXBuildFile; fileRef = AEE3ACAD1ECA9F340071D7D9 /* Appearance.swift */; };
		AE0F7D401EDD23FC00BD8414 /* CGExtensions.swift in Sources */ = {isa = PBXBuildFile; fileRef = AE4ECFD11EC36C340053AFEA /* CGExtensions.swift */; };
		AE0F7D411EDD241600BD8414 /* FigureContext.swift in Sources */ = {isa = PBXBuildFile; fileRef = AE4ED2191EC39F5F0053AFEA /* FigureContext.swift */; };
		AE0F7D421EDD241600BD8414 /* Figure.swift in Sources */ = {isa = PBXBuildFile; fileRef = AEA2876A1EBCCC04002E425F /* Figure.swift */; };
		AE0F7D431EDD241600BD8414 /* AnyFigure.swift in Sources */ = {isa = PBXBuildFile; fileRef = AE1931411ED3A54B00596BB4 /* AnyFigure.swift */; };
		AE0F7D441EDD242100BD8414 /* Touchable.swift in Sources */ = {isa = PBXBuildFile; fileRef = AEE3AC981ECA37950071D7D9 /* Touchable.swift */; };
		AE0F7D451EDD242100BD8414 /* FreeValued.swift in Sources */ = {isa = PBXBuildFile; fileRef = AEE3ABD61EC6D2910071D7D9 /* FreeValued.swift */; };
		AE0F7D461EDD242100BD8414 /* OneDimensional.swift in Sources */ = {isa = PBXBuildFile; fileRef = AEE3ABD71EC6D2910071D7D9 /* OneDimensional.swift */; };
		AE0F7D471EDD242100BD8414 /* AnyWeakOneDimensional.swift in Sources */ = {isa = PBXBuildFile; fileRef = AE19314A1ED3DE6700596BB4 /* AnyWeakOneDimensional.swift */; };
		AE0F7D481EDD242100BD8414 /* Bounded.swift in Sources */ = {isa = PBXBuildFile; fileRef = AE7327111ECFF15300A47F25 /* Bounded.swift */; };
		AE0F7D491EDD242100BD8414 /* ParentComparable.swift in Sources */ = {isa = PBXBuildFile; fileRef = AEE3AC131EC93A2C0071D7D9 /* ParentComparable.swift */; };
		AE0F7D4A1EDD242D00BD8414 /* Scalar.swift in Sources */ = {isa = PBXBuildFile; fileRef = AEE3ABDC1EC6D2BF0071D7D9 /* Scalar.swift */; };
		AE0F7D4B1EDD243300BD8414 /* FreeScalar.swift in Sources */ = {isa = PBXBuildFile; fileRef = AEE3ABDE1EC6D2BF0071D7D9 /* FreeScalar.swift */; };
		AE0F7D4C1EDD243B00BD8414 /* Point.swift in Sources */ = {isa = PBXBuildFile; fileRef = AEE3ABE31EC6D4690071D7D9 /* Point.swift */; };
		AE0F7D4D1EDD243B00BD8414 /* CoupleOfPoints.swift in Sources */ = {isa = PBXBuildFile; fileRef = AEE3AC111EC811980071D7D9 /* CoupleOfPoints.swift */; };
		AE0F7D4E1EDD244100BD8414 /* FreePoint.swift in Sources */ = {isa = PBXBuildFile; fileRef = AEE3ABE51EC6D4690071D7D9 /* FreePoint.swift */; };
		AE0F7D4F1EDD248B00BD8414 /* SlidingPoint.swift in Sources */ = {isa = PBXBuildFile; fileRef = AEE3ABEA1EC6D4690071D7D9 /* SlidingPoint.swift */; };
		AE0F7D511EDD249E00BD8414 /* Baricenter.swift in Sources */ = {isa = PBXBuildFile; fileRef = AEE3ACB11ECC02610071D7D9 /* Baricenter.swift */; };
		AE0F7D5B1EDD285E00BD8414 /* Ruler.swift in Sources */ = {isa = PBXBuildFile; fileRef = AEE3AC9D1ECA55300071D7D9 /* Ruler.swift */; };
		AE0F7D5F1EDD374800BD8414 /* Ruler2Points.swift in Sources */ = {isa = PBXBuildFile; fileRef = AEE3AC9E1ECA55300071D7D9 /* Ruler2Points.swift */; };
		AE0F7D601EDD374D00BD8414 /* DirectedLine.swift in Sources */ = {isa = PBXBuildFile; fileRef = AEE3AC9C1ECA55300071D7D9 /* DirectedLine.swift */; };
		AE0F7D611EDD375300BD8414 /* Line2Points.swift in Sources */ = {isa = PBXBuildFile; fileRef = AEE3ACA01ECA55300071D7D9 /* Line2Points.swift */; };
		AE0F7D621EDD3A6C00BD8414 /* Ray2Points.swift in Sources */ = {isa = PBXBuildFile; fileRef = AEE3ACA31ECA55300071D7D9 /* Ray2Points.swift */; };
		AE0F7D631EDD3A9900BD8414 /* RayAway.swift in Sources */ = {isa = PBXBuildFile; fileRef = AE184DBE1ED1F64B00D9EB8D /* RayAway.swift */; };
		AE0F7D641EDD3B8500BD8414 /* Segment2Points.swift in Sources */ = {isa = PBXBuildFile; fileRef = AEE3ACA41ECA55300071D7D9 /* Segment2Points.swift */; };
		AE0F7D651EDD3B9500BD8414 /* ParallelLine.swift in Sources */ = {isa = PBXBuildFile; fileRef = AEE3ACA11ECA55300071D7D9 /* ParallelLine.swift */; };
		AE0F7D661EDD3B9B00BD8414 /* PerpendicularLine.swift in Sources */ = {isa = PBXBuildFile; fileRef = AEE3ACA21ECA55300071D7D9 /* PerpendicularLine.swift */; };
		AE0F7D671EDD3BA000BD8414 /* Circle.swift in Sources */ = {isa = PBXBuildFile; fileRef = AEE3AC081EC753DF0071D7D9 /* Circle.swift */; };
		AE0F7D681EDD3BA600BD8414 /* CircleToPoint.swift in Sources */ = {isa = PBXBuildFile; fileRef = AEE3AC0A1EC753DF0071D7D9 /* CircleToPoint.swift */; };
		AE0F7D691EDD3CC200BD8414 /* CircleWithRadius.swift in Sources */ = {isa = PBXBuildFile; fileRef = AEE3AC0B1EC753DF0071D7D9 /* CircleWithRadius.swift */; };
		AE0F7D6A1EDD3CDC00BD8414 /* Circumcircle.swift in Sources */ = {isa = PBXBuildFile; fileRef = AEE3AC0C1EC753DF0071D7D9 /* Circumcircle.swift */; };
		AE0F7D6B1EDD3CE400BD8414 /* Arc.swift in Sources */ = {isa = PBXBuildFile; fileRef = AEE3AC161EC967AC0071D7D9 /* Arc.swift */; };
		AE0F7D6C1EDD3CEF00BD8414 /* Circumarc.swift in Sources */ = {isa = PBXBuildFile; fileRef = AEE3AC1B1EC9F67F0071D7D9 /* Circumarc.swift */; };
		AE0F7D6D1EDD3CFE00BD8414 /* Curve.swift in Sources */ = {isa = PBXBuildFile; fileRef = AEE3ACBD1ECE1FD90071D7D9 /* Curve.swift */; };
		AE0F7D6E1EDD421500BD8414 /* Curve4Points.swift in Sources */ = {isa = PBXBuildFile; fileRef = AEE3ACBF1ECE1FD90071D7D9 /* Curve4Points.swift */; };
		AE0F7D6F1EDD422E00BD8414 /* QuadCurve.swift in Sources */ = {isa = PBXBuildFile; fileRef = AEE3ACC21ECE1FD90071D7D9 /* QuadCurve.swift */; };
		AE0F7D701EDD423500BD8414 /* QuadCurve3Points.swift in Sources */ = {isa = PBXBuildFile; fileRef = AEE3ACC41ECE1FD90071D7D9 /* QuadCurve3Points.swift */; };
		AE0F7D711EDD8EA300BD8414 /* TwoRulers.swift in Sources */ = {isa = PBXBuildFile; fileRef = AEE3ABE91EC6D4690071D7D9 /* TwoRulers.swift */; };
		AE0F7D721EDDDB6D00BD8414 /* RulerCircle.swift in Sources */ = {isa = PBXBuildFile; fileRef = AEE3ABE71EC6D4690071D7D9 /* RulerCircle.swift */; };
		AE0F86BD1EE5EB7E00BD8414 /* TwoCircles.swift in Sources */ = {isa = PBXBuildFile; fileRef = AEE3ABE81EC6D4690071D7D9 /* TwoCircles.swift */; };
		AE5440BE1EF0B226004E7D54 /* FigureCanvas.swift in Sources */ = {isa = PBXBuildFile; fileRef = AE5440BD1EF0B226004E7D54 /* FigureCanvas.swift */; };
		AEA287421EBCCB2C002E425F /* AppDelegate.swift in Sources */ = {isa = PBXBuildFile; fileRef = AEA287411EBCCB2C002E425F /* AppDelegate.swift */; };
		AEA287441EBCCB2C002E425F /* ViewController.swift in Sources */ = {isa = PBXBuildFile; fileRef = AEA287431EBCCB2C002E425F /* ViewController.swift */; };
		AEA287471EBCCB2C002E425F /* Main.storyboard in Resources */ = {isa = PBXBuildFile; fileRef = AEA287451EBCCB2C002E425F /* Main.storyboard */; };
		AEA287491EBCCB2C002E425F /* Assets.xcassets in Resources */ = {isa = PBXBuildFile; fileRef = AEA287481EBCCB2C002E425F /* Assets.xcassets */; };
		AEA2874C1EBCCB2C002E425F /* LaunchScreen.storyboard in Resources */ = {isa = PBXBuildFile; fileRef = AEA2874A1EBCCB2C002E425F /* LaunchScreen.storyboard */; };
		AEA287571EBCCB2C002E425F /* GeometrySampleTests.swift in Sources */ = {isa = PBXBuildFile; fileRef = AEA287561EBCCB2C002E425F /* GeometrySampleTests.swift */; };
/* End PBXBuildFile section */

/* Begin PBXContainerItemProxy section */
		AEA287531EBCCB2C002E425F /* PBXContainerItemProxy */ = {
			isa = PBXContainerItemProxy;
			containerPortal = AEA287361EBCCB2C002E425F /* Project object */;
			proxyType = 1;
			remoteGlobalIDString = AEA2873D1EBCCB2C002E425F;
			remoteInfo = GeometrySample;
		};
/* End PBXContainerItemProxy section */

/* Begin PBXFileReference section */
		08B914015758F9D3A0EA3CC5 /* Pods-GeometrySample.release.xcconfig */ = {isa = PBXFileReference; includeInIndex = 1; lastKnownFileType = text.xcconfig; name = "Pods-GeometrySample.release.xcconfig"; path = "Pods/Target Support Files/Pods-GeometrySample/Pods-GeometrySample.release.xcconfig"; sourceTree = "<group>"; };
		1AFD956535FF38239364E7D7 /* Pods-GeometrySampleTests.release.xcconfig */ = {isa = PBXFileReference; includeInIndex = 1; lastKnownFileType = text.xcconfig; name = "Pods-GeometrySampleTests.release.xcconfig"; path = "Pods/Target Support Files/Pods-GeometrySampleTests/Pods-GeometrySampleTests.release.xcconfig"; sourceTree = "<group>"; };
		32B63DA0331CCBBC5E726895 /* Pods-GeometrySampleTests.debug.xcconfig */ = {isa = PBXFileReference; includeInIndex = 1; lastKnownFileType = text.xcconfig; name = "Pods-GeometrySampleTests.debug.xcconfig"; path = "Pods/Target Support Files/Pods-GeometrySampleTests/Pods-GeometrySampleTests.debug.xcconfig"; sourceTree = "<group>"; };
		9FF6C6F56C8645116D7BD20C /* Pods-GeometrySample.debug.xcconfig */ = {isa = PBXFileReference; includeInIndex = 1; lastKnownFileType = text.xcconfig; name = "Pods-GeometrySample.debug.xcconfig"; path = "Pods/Target Support Files/Pods-GeometrySample/Pods-GeometrySample.debug.xcconfig"; sourceTree = "<group>"; };
		AE184DBE1ED1F64B00D9EB8D /* RayAway.swift */ = {isa = PBXFileReference; fileEncoding = 4; lastKnownFileType = sourcecode.swift; path = RayAway.swift; sourceTree = "<group>"; };
		AE1931411ED3A54B00596BB4 /* AnyFigure.swift */ = {isa = PBXFileReference; fileEncoding = 4; lastKnownFileType = sourcecode.swift; path = AnyFigure.swift; sourceTree = "<group>"; };
		AE19314A1ED3DE6700596BB4 /* AnyWeakOneDimensional.swift */ = {isa = PBXFileReference; fileEncoding = 4; lastKnownFileType = sourcecode.swift; path = AnyWeakOneDimensional.swift; sourceTree = "<group>"; };
		AE4ECFC21EC1001B0053AFEA /* OptionalProtocol.swift */ = {isa = PBXFileReference; fileEncoding = 4; lastKnownFileType = sourcecode.swift; path = OptionalProtocol.swift; sourceTree = "<group>"; };
		AE4ECFC61EC23B680053AFEA /* ObjectSet.swift */ = {isa = PBXFileReference; fileEncoding = 4; lastKnownFileType = sourcecode.swift; path = ObjectSet.swift; sourceTree = "<group>"; };
		AE4ECFC81EC23BC60053AFEA /* HashableObject.swift */ = {isa = PBXFileReference; fileEncoding = 4; lastKnownFileType = sourcecode.swift; path = HashableObject.swift; sourceTree = "<group>"; };
		AE4ECFCF1EC2BFB60053AFEA /* Drawable.swift */ = {isa = PBXFileReference; fileEncoding = 4; lastKnownFileType = sourcecode.swift; path = Drawable.swift; sourceTree = "<group>"; };
		AE4ECFD11EC36C340053AFEA /* CGExtensions.swift */ = {isa = PBXFileReference; fileEncoding = 4; lastKnownFileType = sourcecode.swift; path = CGExtensions.swift; sourceTree = "<group>"; };
		AE4ED2191EC39F5F0053AFEA /* FigureContext.swift */ = {isa = PBXFileReference; fileEncoding = 4; lastKnownFileType = sourcecode.swift; path = FigureContext.swift; sourceTree = "<group>"; };
		AE4ED21B1EC3A4D60053AFEA /* ContextView.swift */ = {isa = PBXFileReference; fileEncoding = 4; lastKnownFileType = sourcecode.swift; path = ContextView.swift; sourceTree = "<group>"; };
		AE4ED2231EC40BFE0053AFEA /* Cedula.swift */ = {isa = PBXFileReference; fileEncoding = 4; lastKnownFileType = sourcecode.swift; path = Cedula.swift; sourceTree = "<group>"; };
		AE4ED22D1EC4C34E0053AFEA /* Association.swift */ = {isa = PBXFileReference; fileEncoding = 4; lastKnownFileType = sourcecode.swift; path = Association.swift; sourceTree = "<group>"; };
		AE502F211ED26C8600E89AB3 /* RawProtocols.swift */ = {isa = PBXFileReference; fileEncoding = 4; lastKnownFileType = sourcecode.swift; path = RawProtocols.swift; sourceTree = "<group>"; };
		AE502F231ED26CAF00E89AB3 /* RawExtensions.swift */ = {isa = PBXFileReference; fileEncoding = 4; lastKnownFileType = sourcecode.swift; path = RawExtensions.swift; sourceTree = "<group>"; };
		AE5440BD1EF0B226004E7D54 /* FigureCanvas.swift */ = {isa = PBXFileReference; fileEncoding = 4; lastKnownFileType = sourcecode.swift; path = FigureCanvas.swift; sourceTree = "<group>"; };
		AE56133A1ED292490004763B /* Complex.swift */ = {isa = PBXFileReference; fileEncoding = 4; lastKnownFileType = sourcecode.swift; path = Complex.swift; sourceTree = "<group>"; };
		AE5613451ED295840004763B /* RawValueProtocol.swift */ = {isa = PBXFileReference; fileEncoding = 4; lastKnownFileType = sourcecode.swift; path = RawValueProtocol.swift; sourceTree = "<group>"; };
		AE56134E1ED29E750004763B /* CubicPolynomial.swift */ = {isa = PBXFileReference; fileEncoding = 4; lastKnownFileType = sourcecode.swift; path = CubicPolynomial.swift; sourceTree = "<group>"; };
		AE56134F1ED29E750004763B /* LinearPolynomial.swift */ = {isa = PBXFileReference; fileEncoding = 4; lastKnownFileType = sourcecode.swift; path = LinearPolynomial.swift; sourceTree = "<group>"; };
		AE5613501ED29E750004763B /* Polynomial.swift */ = {isa = PBXFileReference; fileEncoding = 4; lastKnownFileType = sourcecode.swift; path = Polynomial.swift; sourceTree = "<group>"; };
		AE5613511ED29E750004763B /* PolynomialRoots.swift */ = {isa = PBXFileReference; fileEncoding = 4; lastKnownFileType = sourcecode.swift; path = PolynomialRoots.swift; sourceTree = "<group>"; };
		AE5613521ED29E750004763B /* QuadraticPolynomial.swift */ = {isa = PBXFileReference; fileEncoding = 4; lastKnownFileType = sourcecode.swift; path = QuadraticPolynomial.swift; sourceTree = "<group>"; };
		AE5613531ED29E750004763B /* QuarticPolynomial.swift */ = {isa = PBXFileReference; fileEncoding = 4; lastKnownFileType = sourcecode.swift; path = QuarticPolynomial.swift; sourceTree = "<group>"; };
		AE5613541ED29E750004763B /* QuinticPolynomial.swift */ = {isa = PBXFileReference; fileEncoding = 4; lastKnownFileType = sourcecode.swift; path = QuinticPolynomial.swift; sourceTree = "<group>"; };
		AE7327111ECFF15300A47F25 /* Bounded.swift */ = {isa = PBXFileReference; fileEncoding = 4; lastKnownFileType = sourcecode.swift; path = Bounded.swift; sourceTree = "<group>"; };
		AEA2873E1EBCCB2C002E425F /* GeometrySample.app */ = {isa = PBXFileReference; explicitFileType = wrapper.application; includeInIndex = 0; path = GeometrySample.app; sourceTree = BUILT_PRODUCTS_DIR; };
		AEA287411EBCCB2C002E425F /* AppDelegate.swift */ = {isa = PBXFileReference; lastKnownFileType = sourcecode.swift; path = AppDelegate.swift; sourceTree = "<group>"; };
		AEA287431EBCCB2C002E425F /* ViewController.swift */ = {isa = PBXFileReference; lastKnownFileType = sourcecode.swift; path = ViewController.swift; sourceTree = "<group>"; };
		AEA287461EBCCB2C002E425F /* Base */ = {isa = PBXFileReference; lastKnownFileType = file.storyboard; name = Base; path = Base.lproj/Main.storyboard; sourceTree = "<group>"; };
		AEA287481EBCCB2C002E425F /* Assets.xcassets */ = {isa = PBXFileReference; lastKnownFileType = folder.assetcatalog; path = Assets.xcassets; sourceTree = "<group>"; };
		AEA2874B1EBCCB2C002E425F /* Base */ = {isa = PBXFileReference; lastKnownFileType = file.storyboard; name = Base; path = Base.lproj/LaunchScreen.storyboard; sourceTree = "<group>"; };
		AEA2874D1EBCCB2C002E425F /* Info.plist */ = {isa = PBXFileReference; lastKnownFileType = text.plist.xml; path = Info.plist; sourceTree = "<group>"; };
		AEA287521EBCCB2C002E425F /* GeometrySampleTests.xctest */ = {isa = PBXFileReference; explicitFileType = wrapper.cfbundle; includeInIndex = 0; path = GeometrySampleTests.xctest; sourceTree = BUILT_PRODUCTS_DIR; };
		AEA287561EBCCB2C002E425F /* GeometrySampleTests.swift */ = {isa = PBXFileReference; lastKnownFileType = sourcecode.swift; path = GeometrySampleTests.swift; sourceTree = "<group>"; };
		AEA287581EBCCB2C002E425F /* Info.plist */ = {isa = PBXFileReference; lastKnownFileType = text.plist.xml; path = Info.plist; sourceTree = "<group>"; };
		AEA2876A1EBCCC04002E425F /* Figure.swift */ = {isa = PBXFileReference; fileEncoding = 4; lastKnownFileType = sourcecode.swift; path = Figure.swift; sourceTree = "<group>"; };
		AEA287811EBCCC04002E425F /* MathError.swift */ = {isa = PBXFileReference; fileEncoding = 4; lastKnownFileType = sourcecode.swift; path = MathError.swift; sourceTree = "<group>"; };
		AEA287821EBCCC04002E425F /* RawMath.swift */ = {isa = PBXFileReference; fileEncoding = 4; lastKnownFileType = sourcecode.swift; path = RawMath.swift; sourceTree = "<group>"; };
		AEA287831EBCCC04002E425F /* RawResult.swift */ = {isa = PBXFileReference; fileEncoding = 4; lastKnownFileType = sourcecode.swift; path = RawResult.swift; sourceTree = "<group>"; };
		AEA287841EBCCC04002E425F /* RawResultMath.swift */ = {isa = PBXFileReference; fileEncoding = 4; lastKnownFileType = sourcecode.swift; path = RawResultMath.swift; sourceTree = "<group>"; };
		AEA287851EBCCC04002E425F /* RawTypes.swift */ = {isa = PBXFileReference; fileEncoding = 4; lastKnownFileType = sourcecode.swift; path = RawTypes.swift; sourceTree = "<group>"; };
		AEA287871EBCCC04002E425F /* LazyNode.swift */ = {isa = PBXFileReference; fileEncoding = 4; lastKnownFileType = sourcecode.swift; path = LazyNode.swift; sourceTree = "<group>"; };
		AEA2878D1EBCCC04002E425F /* Weak.swift */ = {isa = PBXFileReference; fileEncoding = 4; lastKnownFileType = sourcecode.swift; path = Weak.swift; sourceTree = "<group>"; };
		AEE3ABD61EC6D2910071D7D9 /* FreeValued.swift */ = {isa = PBXFileReference; fileEncoding = 4; lastKnownFileType = sourcecode.swift; path = FreeValued.swift; sourceTree = "<group>"; };
		AEE3ABD71EC6D2910071D7D9 /* OneDimensional.swift */ = {isa = PBXFileReference; fileEncoding = 4; lastKnownFileType = sourcecode.swift; path = OneDimensional.swift; sourceTree = "<group>"; };
		AEE3ABDC1EC6D2BF0071D7D9 /* Scalar.swift */ = {isa = PBXFileReference; fileEncoding = 4; lastKnownFileType = sourcecode.swift; path = Scalar.swift; sourceTree = "<group>"; };
		AEE3ABDE1EC6D2BF0071D7D9 /* FreeScalar.swift */ = {isa = PBXFileReference; fileEncoding = 4; lastKnownFileType = sourcecode.swift; path = FreeScalar.swift; sourceTree = "<group>"; };
		AEE3ABE31EC6D4690071D7D9 /* Point.swift */ = {isa = PBXFileReference; fileEncoding = 4; lastKnownFileType = sourcecode.swift; path = Point.swift; sourceTree = "<group>"; };
		AEE3ABE51EC6D4690071D7D9 /* FreePoint.swift */ = {isa = PBXFileReference; fileEncoding = 4; lastKnownFileType = sourcecode.swift; path = FreePoint.swift; sourceTree = "<group>"; };
		AEE3ABE71EC6D4690071D7D9 /* RulerCircle.swift */ = {isa = PBXFileReference; fileEncoding = 4; lastKnownFileType = sourcecode.swift; path = RulerCircle.swift; sourceTree = "<group>"; };
		AEE3ABE81EC6D4690071D7D9 /* TwoCircles.swift */ = {isa = PBXFileReference; fileEncoding = 4; lastKnownFileType = sourcecode.swift; path = TwoCircles.swift; sourceTree = "<group>"; };
		AEE3ABE91EC6D4690071D7D9 /* TwoRulers.swift */ = {isa = PBXFileReference; fileEncoding = 4; lastKnownFileType = sourcecode.swift; path = TwoRulers.swift; sourceTree = "<group>"; };
		AEE3ABEA1EC6D4690071D7D9 /* SlidingPoint.swift */ = {isa = PBXFileReference; fileEncoding = 4; lastKnownFileType = sourcecode.swift; path = SlidingPoint.swift; sourceTree = "<group>"; };
		AEE3AC081EC753DF0071D7D9 /* Circle.swift */ = {isa = PBXFileReference; fileEncoding = 4; lastKnownFileType = sourcecode.swift; path = Circle.swift; sourceTree = "<group>"; };
		AEE3AC0A1EC753DF0071D7D9 /* CircleToPoint.swift */ = {isa = PBXFileReference; fileEncoding = 4; lastKnownFileType = sourcecode.swift; path = CircleToPoint.swift; sourceTree = "<group>"; };
		AEE3AC0B1EC753DF0071D7D9 /* CircleWithRadius.swift */ = {isa = PBXFileReference; fileEncoding = 4; lastKnownFileType = sourcecode.swift; path = CircleWithRadius.swift; sourceTree = "<group>"; };
		AEE3AC0C1EC753DF0071D7D9 /* Circumcircle.swift */ = {isa = PBXFileReference; fileEncoding = 4; lastKnownFileType = sourcecode.swift; path = Circumcircle.swift; sourceTree = "<group>"; };
		AEE3AC111EC811980071D7D9 /* CoupleOfPoints.swift */ = {isa = PBXFileReference; fileEncoding = 4; lastKnownFileType = sourcecode.swift; path = CoupleOfPoints.swift; sourceTree = "<group>"; };
		AEE3AC131EC93A2C0071D7D9 /* ParentComparable.swift */ = {isa = PBXFileReference; fileEncoding = 4; lastKnownFileType = sourcecode.swift; path = ParentComparable.swift; sourceTree = "<group>"; };
		AEE3AC161EC967AC0071D7D9 /* Arc.swift */ = {isa = PBXFileReference; fileEncoding = 4; lastKnownFileType = sourcecode.swift; path = Arc.swift; sourceTree = "<group>"; };
		AEE3AC1B1EC9F67F0071D7D9 /* Circumarc.swift */ = {isa = PBXFileReference; fileEncoding = 4; lastKnownFileType = sourcecode.swift; path = Circumarc.swift; sourceTree = "<group>"; };
		AEE3AC981ECA37950071D7D9 /* Touchable.swift */ = {isa = PBXFileReference; fileEncoding = 4; lastKnownFileType = sourcecode.swift; path = Touchable.swift; sourceTree = "<group>"; };
		AEE3AC9C1ECA55300071D7D9 /* DirectedLine.swift */ = {isa = PBXFileReference; fileEncoding = 4; lastKnownFileType = sourcecode.swift; path = DirectedLine.swift; sourceTree = "<group>"; };
		AEE3AC9D1ECA55300071D7D9 /* Ruler.swift */ = {isa = PBXFileReference; fileEncoding = 4; lastKnownFileType = sourcecode.swift; path = Ruler.swift; sourceTree = "<group>"; };
		AEE3AC9E1ECA55300071D7D9 /* Ruler2Points.swift */ = {isa = PBXFileReference; fileEncoding = 4; lastKnownFileType = sourcecode.swift; path = Ruler2Points.swift; sourceTree = "<group>"; };
		AEE3ACA01ECA55300071D7D9 /* Line2Points.swift */ = {isa = PBXFileReference; fileEncoding = 4; lastKnownFileType = sourcecode.swift; path = Line2Points.swift; sourceTree = "<group>"; };
		AEE3ACA11ECA55300071D7D9 /* ParallelLine.swift */ = {isa = PBXFileReference; fileEncoding = 4; lastKnownFileType = sourcecode.swift; path = ParallelLine.swift; sourceTree = "<group>"; };
		AEE3ACA21ECA55300071D7D9 /* PerpendicularLine.swift */ = {isa = PBXFileReference; fileEncoding = 4; lastKnownFileType = sourcecode.swift; path = PerpendicularLine.swift; sourceTree = "<group>"; };
		AEE3ACA31ECA55300071D7D9 /* Ray2Points.swift */ = {isa = PBXFileReference; fileEncoding = 4; lastKnownFileType = sourcecode.swift; path = Ray2Points.swift; sourceTree = "<group>"; };
		AEE3ACA41ECA55300071D7D9 /* Segment2Points.swift */ = {isa = PBXFileReference; fileEncoding = 4; lastKnownFileType = sourcecode.swift; path = Segment2Points.swift; sourceTree = "<group>"; };
		AEE3ACAD1ECA9F340071D7D9 /* Appearance.swift */ = {isa = PBXFileReference; fileEncoding = 4; lastKnownFileType = sourcecode.swift; path = Appearance.swift; sourceTree = "<group>"; };
		AEE3ACB11ECC02610071D7D9 /* Baricenter.swift */ = {isa = PBXFileReference; fileEncoding = 4; lastKnownFileType = sourcecode.swift; path = Baricenter.swift; sourceTree = "<group>"; };
		AEE3ACBD1ECE1FD90071D7D9 /* Curve.swift */ = {isa = PBXFileReference; fileEncoding = 4; lastKnownFileType = sourcecode.swift; path = Curve.swift; sourceTree = "<group>"; };
		AEE3ACBF1ECE1FD90071D7D9 /* Curve4Points.swift */ = {isa = PBXFileReference; fileEncoding = 4; lastKnownFileType = sourcecode.swift; path = Curve4Points.swift; sourceTree = "<group>"; };
		AEE3ACC21ECE1FD90071D7D9 /* QuadCurve.swift */ = {isa = PBXFileReference; fileEncoding = 4; lastKnownFileType = sourcecode.swift; path = QuadCurve.swift; sourceTree = "<group>"; };
		AEE3ACC41ECE1FD90071D7D9 /* QuadCurve3Points.swift */ = {isa = PBXFileReference; fileEncoding = 4; lastKnownFileType = sourcecode.swift; path = QuadCurve3Points.swift; sourceTree = "<group>"; };
		B8A851B423459423D13B7160 /* Pods_GeometrySampleTests.framework */ = {isa = PBXFileReference; explicitFileType = wrapper.framework; includeInIndex = 0; path = Pods_GeometrySampleTests.framework; sourceTree = BUILT_PRODUCTS_DIR; };
		BDF264A50559045ED1FE0F09 /* Pods_GeometrySample.framework */ = {isa = PBXFileReference; explicitFileType = wrapper.framework; includeInIndex = 0; path = Pods_GeometrySample.framework; sourceTree = BUILT_PRODUCTS_DIR; };
/* End PBXFileReference section */

/* Begin PBXFrameworksBuildPhase section */
		AEA2873B1EBCCB2C002E425F /* Frameworks */ = {
			isa = PBXFrameworksBuildPhase;
			buildActionMask = 2147483647;
			files = (
				4D5DE168A1170E957D3AB1B0 /* Pods_GeometrySample.framework in Frameworks */,
			);
			runOnlyForDeploymentPostprocessing = 0;
		};
		AEA2874F1EBCCB2C002E425F /* Frameworks */ = {
			isa = PBXFrameworksBuildPhase;
			buildActionMask = 2147483647;
			files = (
				A72506686D545E9EB52B72E4 /* Pods_GeometrySampleTests.framework in Frameworks */,
			);
			runOnlyForDeploymentPostprocessing = 0;
		};
/* End PBXFrameworksBuildPhase section */

/* Begin PBXGroup section */
		21C1406729EAF4ABEF3B9CC8 /* Pods */ = {
			isa = PBXGroup;
			children = (
				9FF6C6F56C8645116D7BD20C /* Pods-GeometrySample.debug.xcconfig */,
				08B914015758F9D3A0EA3CC5 /* Pods-GeometrySample.release.xcconfig */,
				32B63DA0331CCBBC5E726895 /* Pods-GeometrySampleTests.debug.xcconfig */,
				1AFD956535FF38239364E7D7 /* Pods-GeometrySampleTests.release.xcconfig */,
			);
			name = Pods;
			sourceTree = "<group>";
		};
		AE4ECFCE1EC2BFB60053AFEA /* Drawing */ = {
			isa = PBXGroup;
			children = (
				AE4ECFCF1EC2BFB60053AFEA /* Drawable.swift */,
				AEE3ACAD1ECA9F340071D7D9 /* Appearance.swift */,
				AE5440BD1EF0B226004E7D54 /* FigureCanvas.swift */,
				AE4ECFD11EC36C340053AFEA /* CGExtensions.swift */,
			);
			path = Drawing;
			sourceTree = "<group>";
		};
		AE4ED2271EC4BB410053AFEA /* Arc */ = {
			isa = PBXGroup;
			children = (
				AEE3AC151EC967AC0071D7D9 /* Base */,
				AEE3AC1A1EC9F67F0071D7D9 /* Final */,
			);
			path = Arc;
			sourceTree = "<group>";
		};
		AE56134D1ED29E750004763B /* Polynomials */ = {
			isa = PBXGroup;
			children = (
				AE5613501ED29E750004763B /* Polynomial.swift */,
				AE5613511ED29E750004763B /* PolynomialRoots.swift */,
				AE56134F1ED29E750004763B /* LinearPolynomial.swift */,
				AE5613521ED29E750004763B /* QuadraticPolynomial.swift */,
				AE56134E1ED29E750004763B /* CubicPolynomial.swift */,
				AE5613531ED29E750004763B /* QuarticPolynomial.swift */,
				AE5613541ED29E750004763B /* QuinticPolynomial.swift */,
			);
			path = Polynomials;
			sourceTree = "<group>";
		};
		AEA287351EBCCB2C002E425F = {
			isa = PBXGroup;
			children = (
				AEA287611EBCCC04002E425F /* Geometry */,
				AEA287401EBCCB2C002E425F /* GeometrySample */,
				AEA287551EBCCB2C002E425F /* GeometrySampleTests */,
				AEA2873F1EBCCB2C002E425F /* Products */,
				21C1406729EAF4ABEF3B9CC8 /* Pods */,
				B6DB6575FB726F080B32670C /* Frameworks */,
			);
			sourceTree = "<group>";
		};
		AEA2873F1EBCCB2C002E425F /* Products */ = {
			isa = PBXGroup;
			children = (
				AEA2873E1EBCCB2C002E425F /* GeometrySample.app */,
				AEA287521EBCCB2C002E425F /* GeometrySampleTests.xctest */,
			);
			name = Products;
			sourceTree = "<group>";
		};
		AEA287401EBCCB2C002E425F /* GeometrySample */ = {
			isa = PBXGroup;
			children = (
				AEA287411EBCCB2C002E425F /* AppDelegate.swift */,
				AEA287431EBCCB2C002E425F /* ViewController.swift */,
				AE4ED21B1EC3A4D60053AFEA /* ContextView.swift */,
				AEA287451EBCCB2C002E425F /* Main.storyboard */,
				AEA287481EBCCB2C002E425F /* Assets.xcassets */,
				AEA2874A1EBCCB2C002E425F /* LaunchScreen.storyboard */,
				AEA2874D1EBCCB2C002E425F /* Info.plist */,
			);
			path = GeometrySample;
			sourceTree = "<group>";
		};
		AEA287551EBCCB2C002E425F /* GeometrySampleTests */ = {
			isa = PBXGroup;
			children = (
				AEA287561EBCCB2C002E425F /* GeometrySampleTests.swift */,
				AEA287581EBCCB2C002E425F /* Info.plist */,
			);
			path = GeometrySampleTests;
			sourceTree = "<group>";
		};
		AEA287611EBCCC04002E425F /* Geometry */ = {
			isa = PBXGroup;
			children = (
				AEA2878A1EBCCC04002E425F /* Tools */,
				AEA287801EBCCC04002E425F /* Math */,
				AEA287861EBCCC04002E425F /* Reactive */,
				AE4ECFCE1EC2BFB60053AFEA /* Drawing */,
				AEA287621EBCCC04002E425F /* Figures */,
			);
			name = Geometry;
			path = ../Geometry;
			sourceTree = "<group>";
		};
		AEA287621EBCCC04002E425F /* Figures */ = {
			isa = PBXGroup;
			children = (
				AE4ED2191EC39F5F0053AFEA /* FigureContext.swift */,
				AEA2876A1EBCCC04002E425F /* Figure.swift */,
				AE1931411ED3A54B00596BB4 /* AnyFigure.swift */,
				AEE3ABD51EC6D2910071D7D9 /* General */,
				AEE3ABDA1EC6D2BF0071D7D9 /* Scalar */,
				AEE3ABE11EC6D4690071D7D9 /* Point */,
				AEE3AC9A1ECA55300071D7D9 /* Ruler */,
				AEE3AC061EC753DF0071D7D9 /* Circle */,
				AE4ED2271EC4BB410053AFEA /* Arc */,
				AEE3ACBB1ECE1FD90071D7D9 /* Curve */,
				AEE3ACC01ECE1FD90071D7D9 /* QuadCurve */,
			);
			path = Figures;
			sourceTree = "<group>";
		};
		AEA287801EBCCC04002E425F /* Math */ = {
			isa = PBXGroup;
			children = (
				AE5613451ED295840004763B /* RawValueProtocol.swift */,
				AE502F211ED26C8600E89AB3 /* RawProtocols.swift */,
				AEA287851EBCCC04002E425F /* RawTypes.swift */,
				AEA287821EBCCC04002E425F /* RawMath.swift */,
				AE502F231ED26CAF00E89AB3 /* RawExtensions.swift */,
				AEA287811EBCCC04002E425F /* MathError.swift */,
				AEA287831EBCCC04002E425F /* RawResult.swift */,
				AEA287841EBCCC04002E425F /* RawResultMath.swift */,
				AE56133A1ED292490004763B /* Complex.swift */,
				AE56134D1ED29E750004763B /* Polynomials */,
			);
			path = Math;
			sourceTree = "<group>";
		};
		AEA287861EBCCC04002E425F /* Reactive */ = {
			isa = PBXGroup;
			children = (
				AEA287871EBCCC04002E425F /* LazyNode.swift */,
			);
			path = Reactive;
			sourceTree = "<group>";
		};
		AEA2878A1EBCCC04002E425F /* Tools */ = {
			isa = PBXGroup;
			children = (
				AEA2878D1EBCCC04002E425F /* Weak.swift */,
				AE4ECFC21EC1001B0053AFEA /* OptionalProtocol.swift */,
				AE4ECFC81EC23BC60053AFEA /* HashableObject.swift */,
				AE4ECFC61EC23B680053AFEA /* ObjectSet.swift */,
				AE4ED2231EC40BFE0053AFEA /* Cedula.swift */,
				AE4ED22D1EC4C34E0053AFEA /* Association.swift */,
			);
			path = Tools;
			sourceTree = "<group>";
		};
		AEE3ABD51EC6D2910071D7D9 /* General */ = {
			isa = PBXGroup;
			children = (
				AEE3AC981ECA37950071D7D9 /* Touchable.swift */,
				AEE3ABD61EC6D2910071D7D9 /* FreeValued.swift */,
				AEE3ABD71EC6D2910071D7D9 /* OneDimensional.swift */,
				AE19314A1ED3DE6700596BB4 /* AnyWeakOneDimensional.swift */,
				AE7327111ECFF15300A47F25 /* Bounded.swift */,
				AEE3AC131EC93A2C0071D7D9 /* ParentComparable.swift */,
			);
			path = General;
			sourceTree = "<group>";
		};
		AEE3ABDA1EC6D2BF0071D7D9 /* Scalar */ = {
			isa = PBXGroup;
			children = (
				AEE3ABDB1EC6D2BF0071D7D9 /* Base */,
				AEE3ABDD1EC6D2BF0071D7D9 /* Final */,
			);
			path = Scalar;
			sourceTree = "<group>";
		};
		AEE3ABDB1EC6D2BF0071D7D9 /* Base */ = {
			isa = PBXGroup;
			children = (
				AEE3ABDC1EC6D2BF0071D7D9 /* Scalar.swift */,
			);
			path = Base;
			sourceTree = "<group>";
		};
		AEE3ABDD1EC6D2BF0071D7D9 /* Final */ = {
			isa = PBXGroup;
			children = (
				AEE3ABDE1EC6D2BF0071D7D9 /* FreeScalar.swift */,
			);
			path = Final;
			sourceTree = "<group>";
		};
		AEE3ABE11EC6D4690071D7D9 /* Point */ = {
			isa = PBXGroup;
			children = (
				AEE3ABE21EC6D4690071D7D9 /* Base */,
				AEE3ABE41EC6D4690071D7D9 /* Final */,
			);
			path = Point;
			sourceTree = "<group>";
		};
		AEE3ABE21EC6D4690071D7D9 /* Base */ = {
			isa = PBXGroup;
			children = (
				AEE3ABE31EC6D4690071D7D9 /* Point.swift */,
				AEE3AC111EC811980071D7D9 /* CoupleOfPoints.swift */,
			);
			path = Base;
			sourceTree = "<group>";
		};
		AEE3ABE41EC6D4690071D7D9 /* Final */ = {
			isa = PBXGroup;
			children = (
				AEE3ABE51EC6D4690071D7D9 /* FreePoint.swift */,
				AEE3ABEA1EC6D4690071D7D9 /* SlidingPoint.swift */,
				AEE3ACB11ECC02610071D7D9 /* Baricenter.swift */,
				AEE3ABE61EC6D4690071D7D9 /* Intersections */,
			);
			path = Final;
			sourceTree = "<group>";
		};
		AEE3ABE61EC6D4690071D7D9 /* Intersections */ = {
			isa = PBXGroup;
			children = (
				AEE3ABE91EC6D4690071D7D9 /* TwoRulers.swift */,
				AEE3ABE71EC6D4690071D7D9 /* RulerCircle.swift */,
				AEE3ABE81EC6D4690071D7D9 /* TwoCircles.swift */,
			);
			path = Intersections;
			sourceTree = "<group>";
		};
		AEE3AC061EC753DF0071D7D9 /* Circle */ = {
			isa = PBXGroup;
			children = (
				AEE3AC071EC753DF0071D7D9 /* Base */,
				AEE3AC091EC753DF0071D7D9 /* Final */,
			);
			path = Circle;
			sourceTree = "<group>";
		};
		AEE3AC071EC753DF0071D7D9 /* Base */ = {
			isa = PBXGroup;
			children = (
				AEE3AC081EC753DF0071D7D9 /* Circle.swift */,
			);
			path = Base;
			sourceTree = "<group>";
		};
		AEE3AC091EC753DF0071D7D9 /* Final */ = {
			isa = PBXGroup;
			children = (
				AEE3AC0A1EC753DF0071D7D9 /* CircleToPoint.swift */,
				AEE3AC0B1EC753DF0071D7D9 /* CircleWithRadius.swift */,
				AEE3AC0C1EC753DF0071D7D9 /* Circumcircle.swift */,
			);
			path = Final;
			sourceTree = "<group>";
		};
		AEE3AC151EC967AC0071D7D9 /* Base */ = {
			isa = PBXGroup;
			children = (
				AEE3AC161EC967AC0071D7D9 /* Arc.swift */,
			);
			path = Base;
			sourceTree = "<group>";
		};
		AEE3AC1A1EC9F67F0071D7D9 /* Final */ = {
			isa = PBXGroup;
			children = (
				AEE3AC1B1EC9F67F0071D7D9 /* Circumarc.swift */,
			);
			path = Final;
			sourceTree = "<group>";
		};
		AEE3AC9A1ECA55300071D7D9 /* Ruler */ = {
			isa = PBXGroup;
			children = (
				AEE3AC9B1ECA55300071D7D9 /* Base */,
				AEE3AC9F1ECA55300071D7D9 /* Final */,
			);
			path = Ruler;
			sourceTree = "<group>";
		};
		AEE3AC9B1ECA55300071D7D9 /* Base */ = {
			isa = PBXGroup;
			children = (
				AEE3AC9D1ECA55300071D7D9 /* Ruler.swift */,
				AEE3AC9E1ECA55300071D7D9 /* Ruler2Points.swift */,
				AEE3AC9C1ECA55300071D7D9 /* DirectedLine.swift */,
			);
			path = Base;
			sourceTree = "<group>";
		};
		AEE3AC9F1ECA55300071D7D9 /* Final */ = {
			isa = PBXGroup;
			children = (
				AEE3ACA01ECA55300071D7D9 /* Line2Points.swift */,
				AEE3ACA31ECA55300071D7D9 /* Ray2Points.swift */,
				AE184DBE1ED1F64B00D9EB8D /* RayAway.swift */,
				AEE3ACA41ECA55300071D7D9 /* Segment2Points.swift */,
				AEE3ACA11ECA55300071D7D9 /* ParallelLine.swift */,
				AEE3ACA21ECA55300071D7D9 /* PerpendicularLine.swift */,
			);
			path = Final;
			sourceTree = "<group>";
		};
		AEE3ACBB1ECE1FD90071D7D9 /* Curve */ = {
			isa = PBXGroup;
			children = (
				AEE3ACBC1ECE1FD90071D7D9 /* Base */,
				AEE3ACBE1ECE1FD90071D7D9 /* Final */,
			);
			path = Curve;
			sourceTree = "<group>";
		};
		AEE3ACBC1ECE1FD90071D7D9 /* Base */ = {
			isa = PBXGroup;
			children = (
				AEE3ACBD1ECE1FD90071D7D9 /* Curve.swift */,
			);
			path = Base;
			sourceTree = "<group>";
		};
		AEE3ACBE1ECE1FD90071D7D9 /* Final */ = {
			isa = PBXGroup;
			children = (
				AEE3ACBF1ECE1FD90071D7D9 /* Curve4Points.swift */,
			);
			path = Final;
			sourceTree = "<group>";
		};
		AEE3ACC01ECE1FD90071D7D9 /* QuadCurve */ = {
			isa = PBXGroup;
			children = (
				AEE3ACC11ECE1FD90071D7D9 /* Base */,
				AEE3ACC31ECE1FD90071D7D9 /* Final */,
			);
			path = QuadCurve;
			sourceTree = "<group>";
		};
		AEE3ACC11ECE1FD90071D7D9 /* Base */ = {
			isa = PBXGroup;
			children = (
				AEE3ACC21ECE1FD90071D7D9 /* QuadCurve.swift */,
			);
			path = Base;
			sourceTree = "<group>";
		};
		AEE3ACC31ECE1FD90071D7D9 /* Final */ = {
			isa = PBXGroup;
			children = (
				AEE3ACC41ECE1FD90071D7D9 /* QuadCurve3Points.swift */,
			);
			path = Final;
			sourceTree = "<group>";
		};
		B6DB6575FB726F080B32670C /* Frameworks */ = {
			isa = PBXGroup;
			children = (
				BDF264A50559045ED1FE0F09 /* Pods_GeometrySample.framework */,
				B8A851B423459423D13B7160 /* Pods_GeometrySampleTests.framework */,
			);
			name = Frameworks;
			sourceTree = "<group>";
		};
/* End PBXGroup section */

/* Begin PBXNativeTarget section */
		AEA2873D1EBCCB2C002E425F /* GeometrySample */ = {
			isa = PBXNativeTarget;
			buildConfigurationList = AEA2875B1EBCCB2C002E425F /* Build configuration list for PBXNativeTarget "GeometrySample" */;
			buildPhases = (
				0290CF9AE93976D63BED9C6F /* [CP] Check Pods Manifest.lock */,
				AEA2873A1EBCCB2C002E425F /* Sources */,
				AEA2873B1EBCCB2C002E425F /* Frameworks */,
				AEA2873C1EBCCB2C002E425F /* Resources */,
				35EFD9C3C0455ABF53BED5F9 /* [CP] Embed Pods Frameworks */,
				0A9A2997FC46D8BB0B287B40 /* [CP] Copy Pods Resources */,
			);
			buildRules = (
			);
			dependencies = (
			);
			name = GeometrySample;
			productName = GeometrySample;
			productReference = AEA2873E1EBCCB2C002E425F /* GeometrySample.app */;
			productType = "com.apple.product-type.application";
		};
		AEA287511EBCCB2C002E425F /* GeometrySampleTests */ = {
			isa = PBXNativeTarget;
			buildConfigurationList = AEA2875E1EBCCB2C002E425F /* Build configuration list for PBXNativeTarget "GeometrySampleTests" */;
			buildPhases = (
				37C92C8A18153FE146225897 /* [CP] Check Pods Manifest.lock */,
				AEA2874E1EBCCB2C002E425F /* Sources */,
				AEA2874F1EBCCB2C002E425F /* Frameworks */,
				AEA287501EBCCB2C002E425F /* Resources */,
				0259DFFAE05F443F14FFF370 /* [CP] Embed Pods Frameworks */,
				B45FC673C4C9F212A2CDB132 /* [CP] Copy Pods Resources */,
			);
			buildRules = (
			);
			dependencies = (
				AEA287541EBCCB2C002E425F /* PBXTargetDependency */,
			);
			name = GeometrySampleTests;
			productName = GeometrySampleTests;
			productReference = AEA287521EBCCB2C002E425F /* GeometrySampleTests.xctest */;
			productType = "com.apple.product-type.bundle.unit-test";
		};
/* End PBXNativeTarget section */

/* Begin PBXProject section */
		AEA287361EBCCB2C002E425F /* Project object */ = {
			isa = PBXProject;
			attributes = {
				LastSwiftUpdateCheck = 0810;
				LastUpgradeCheck = 0810;
				ORGANIZATIONNAME = Trovy;
				TargetAttributes = {
					AEA2873D1EBCCB2C002E425F = {
						CreatedOnToolsVersion = 8.1;
						DevelopmentTeam = PQD87S5J6V;
						ProvisioningStyle = Automatic;
					};
					AEA287511EBCCB2C002E425F = {
						CreatedOnToolsVersion = 8.1;
						DevelopmentTeam = PQD87S5J6V;
						ProvisioningStyle = Automatic;
						TestTargetID = AEA2873D1EBCCB2C002E425F;
					};
				};
			};
			buildConfigurationList = AEA287391EBCCB2C002E425F /* Build configuration list for PBXProject "GeometrySample" */;
			compatibilityVersion = "Xcode 3.2";
			developmentRegion = English;
			hasScannedForEncodings = 0;
			knownRegions = (
				en,
				Base,
			);
			mainGroup = AEA287351EBCCB2C002E425F;
			productRefGroup = AEA2873F1EBCCB2C002E425F /* Products */;
			projectDirPath = "";
			projectRoot = "";
			targets = (
				AEA2873D1EBCCB2C002E425F /* GeometrySample */,
				AEA287511EBCCB2C002E425F /* GeometrySampleTests */,
			);
		};
/* End PBXProject section */

/* Begin PBXResourcesBuildPhase section */
		AEA2873C1EBCCB2C002E425F /* Resources */ = {
			isa = PBXResourcesBuildPhase;
			buildActionMask = 2147483647;
			files = (
				AEA2874C1EBCCB2C002E425F /* LaunchScreen.storyboard in Resources */,
				AEA287491EBCCB2C002E425F /* Assets.xcassets in Resources */,
				AEA287471EBCCB2C002E425F /* Main.storyboard in Resources */,
			);
			runOnlyForDeploymentPostprocessing = 0;
		};
		AEA287501EBCCB2C002E425F /* Resources */ = {
			isa = PBXResourcesBuildPhase;
			buildActionMask = 2147483647;
			files = (
			);
			runOnlyForDeploymentPostprocessing = 0;
		};
/* End PBXResourcesBuildPhase section */

/* Begin PBXShellScriptBuildPhase section */
		0259DFFAE05F443F14FFF370 /* [CP] Embed Pods Frameworks */ = {
			isa = PBXShellScriptBuildPhase;
			buildActionMask = 2147483647;
			files = (
			);
			inputPaths = (
			);
			name = "[CP] Embed Pods Frameworks";
			outputPaths = (
			);
			runOnlyForDeploymentPostprocessing = 0;
			shellPath = /bin/sh;
			shellScript = "\"${SRCROOT}/Pods/Target Support Files/Pods-GeometrySampleTests/Pods-GeometrySampleTests-frameworks.sh\"\n";
			showEnvVarsInLog = 0;
		};
		0290CF9AE93976D63BED9C6F /* [CP] Check Pods Manifest.lock */ = {
			isa = PBXShellScriptBuildPhase;
			buildActionMask = 2147483647;
			files = (
			);
			inputPaths = (
			);
			name = "[CP] Check Pods Manifest.lock";
			outputPaths = (
			);
			runOnlyForDeploymentPostprocessing = 0;
			shellPath = /bin/sh;
			shellScript = "diff \"${PODS_ROOT}/../Podfile.lock\" \"${PODS_ROOT}/Manifest.lock\" > /dev/null\nif [ $? != 0 ] ; then\n    # print error to STDERR\n    echo \"error: The sandbox is not in sync with the Podfile.lock. Run 'pod install' or update your CocoaPods installation.\" >&2\n    exit 1\nfi\n";
			showEnvVarsInLog = 0;
		};
		0A9A2997FC46D8BB0B287B40 /* [CP] Copy Pods Resources */ = {
			isa = PBXShellScriptBuildPhase;
			buildActionMask = 2147483647;
			files = (
			);
			inputPaths = (
			);
			name = "[CP] Copy Pods Resources";
			outputPaths = (
			);
			runOnlyForDeploymentPostprocessing = 0;
			shellPath = /bin/sh;
			shellScript = "\"${SRCROOT}/Pods/Target Support Files/Pods-GeometrySample/Pods-GeometrySample-resources.sh\"\n";
			showEnvVarsInLog = 0;
		};
		35EFD9C3C0455ABF53BED5F9 /* [CP] Embed Pods Frameworks */ = {
			isa = PBXShellScriptBuildPhase;
			buildActionMask = 2147483647;
			files = (
			);
			inputPaths = (
			);
			name = "[CP] Embed Pods Frameworks";
			outputPaths = (
			);
			runOnlyForDeploymentPostprocessing = 0;
			shellPath = /bin/sh;
			shellScript = "\"${SRCROOT}/Pods/Target Support Files/Pods-GeometrySample/Pods-GeometrySample-frameworks.sh\"\n";
			showEnvVarsInLog = 0;
		};
		37C92C8A18153FE146225897 /* [CP] Check Pods Manifest.lock */ = {
			isa = PBXShellScriptBuildPhase;
			buildActionMask = 2147483647;
			files = (
			);
			inputPaths = (
			);
			name = "[CP] Check Pods Manifest.lock";
			outputPaths = (
			);
			runOnlyForDeploymentPostprocessing = 0;
			shellPath = /bin/sh;
			shellScript = "diff \"${PODS_ROOT}/../Podfile.lock\" \"${PODS_ROOT}/Manifest.lock\" > /dev/null\nif [ $? != 0 ] ; then\n    # print error to STDERR\n    echo \"error: The sandbox is not in sync with the Podfile.lock. Run 'pod install' or update your CocoaPods installation.\" >&2\n    exit 1\nfi\n";
			showEnvVarsInLog = 0;
		};
		B45FC673C4C9F212A2CDB132 /* [CP] Copy Pods Resources */ = {
			isa = PBXShellScriptBuildPhase;
			buildActionMask = 2147483647;
			files = (
			);
			inputPaths = (
			);
			name = "[CP] Copy Pods Resources";
			outputPaths = (
			);
			runOnlyForDeploymentPostprocessing = 0;
			shellPath = /bin/sh;
			shellScript = "\"${SRCROOT}/Pods/Target Support Files/Pods-GeometrySampleTests/Pods-GeometrySampleTests-resources.sh\"\n";
			showEnvVarsInLog = 0;
		};
/* End PBXShellScriptBuildPhase section */

/* Begin PBXSourcesBuildPhase section */
		AEA2873A1EBCCB2C002E425F /* Sources */ = {
			isa = PBXSourcesBuildPhase;
			buildActionMask = 2147483647;
			files = (
				AE0F7D331EDD23EE00BD8414 /* Polynomial.swift in Sources */,
				AE0F7D421EDD241600BD8414 /* Figure.swift in Sources */,
				AE0F7D3A1EDD23F800BD8414 /* LazyNode.swift in Sources */,
				AE0F7D471EDD242100BD8414 /* AnyWeakOneDimensional.swift in Sources */,
				AE0F7D311EDD23E000BD8414 /* RawResultMath.swift in Sources */,
				AE0F7D6E1EDD421500BD8414 /* Curve4Points.swift in Sources */,
				AE0F7D351EDD23EE00BD8414 /* LinearPolynomial.swift in Sources */,
				AEA287441EBCCB2C002E425F /* ViewController.swift in Sources */,
				AE0F7D211EDD23DC00BD8414 /* ObjectSet.swift in Sources */,
				AE0F7D2F1EDD23E000BD8414 /* MathError.swift in Sources */,
				AE0F7D611EDD375300BD8414 /* Line2Points.swift in Sources */,
				AE0F7D6A1EDD3CDC00BD8414 /* Circumcircle.swift in Sources */,
				AE0F7D621EDD3A6C00BD8414 /* Ray2Points.swift in Sources */,
				AE0F7D411EDD241600BD8414 /* FigureContext.swift in Sources */,
				AE0F7D301EDD23E000BD8414 /* RawResult.swift in Sources */,
				AE0F7D711EDD8EA300BD8414 /* TwoRulers.swift in Sources */,
				AE0F7D4C1EDD243B00BD8414 /* Point.swift in Sources */,
				AE0F7D4B1EDD243300BD8414 /* FreeScalar.swift in Sources */,
				AE0F7D461EDD242100BD8414 /* OneDimensional.swift in Sources */,
				AE0F7D6F1EDD422E00BD8414 /* QuadCurve.swift in Sources */,
				AE0F7D221EDD23DC00BD8414 /* Cedula.swift in Sources */,
				AE0F7D641EDD3B8500BD8414 /* Segment2Points.swift in Sources */,
				AE0F7D1F1EDD23DC00BD8414 /* OptionalProtocol.swift in Sources */,
				AE0F7D5F1EDD374800BD8414 /* Ruler2Points.swift in Sources */,
				AE0F7D451EDD242100BD8414 /* FreeValued.swift in Sources */,
				AE0F7D2C1EDD23E000BD8414 /* RawTypes.swift in Sources */,
				AE0F7D3F1EDD23FC00BD8414 /* Appearance.swift in Sources */,
				AE0F7D2A1EDD23E000BD8414 /* RawValueProtocol.swift in Sources */,
				AE0F7D401EDD23FC00BD8414 /* CGExtensions.swift in Sources */,
				AE0F7D481EDD242100BD8414 /* Bounded.swift in Sources */,
				AE0F7D5B1EDD285E00BD8414 /* Ruler.swift in Sources */,
				AE0F7D2E1EDD23E000BD8414 /* RawExtensions.swift in Sources */,
				AE0F7D601EDD374D00BD8414 /* DirectedLine.swift in Sources */,
				AE0F7D681EDD3BA600BD8414 /* CircleToPoint.swift in Sources */,
				AE0F7D321EDD23E000BD8414 /* Complex.swift in Sources */,
				AEA287421EBCCB2C002E425F /* AppDelegate.swift in Sources */,
				AE0F7D4F1EDD248B00BD8414 /* SlidingPoint.swift in Sources */,
				AE0F7D3E1EDD23FC00BD8414 /* Drawable.swift in Sources */,
				AE0F7D691EDD3CC200BD8414 /* CircleWithRadius.swift in Sources */,
				AE0F7D431EDD241600BD8414 /* AnyFigure.swift in Sources */,
				AE0F7D661EDD3B9B00BD8414 /* PerpendicularLine.swift in Sources */,
				AE0F7D511EDD249E00BD8414 /* Baricenter.swift in Sources */,
				AE0F86BD1EE5EB7E00BD8414 /* TwoCircles.swift in Sources */,
				AE0F7D4E1EDD244100BD8414 /* FreePoint.swift in Sources */,
				AE0F7D631EDD3A9900BD8414 /* RayAway.swift in Sources */,
				AE0F7D2D1EDD23E000BD8414 /* RawMath.swift in Sources */,
				AE0F7D6D1EDD3CFE00BD8414 /* Curve.swift in Sources */,
				AE0F7D381EDD23EE00BD8414 /* QuarticPolynomial.swift in Sources */,
				AE0F7D391EDD23EE00BD8414 /* QuinticPolynomial.swift in Sources */,
				AE0F7D361EDD23EE00BD8414 /* QuadraticPolynomial.swift in Sources */,
				AE0F7D701EDD423500BD8414 /* QuadCurve3Points.swift in Sources */,
				AE0F7D201EDD23DC00BD8414 /* HashableObject.swift in Sources */,
				AE0F7D6C1EDD3CEF00BD8414 /* Circumarc.swift in Sources */,
				AE0F7D6B1EDD3CE400BD8414 /* Arc.swift in Sources */,
				AE0F7D4A1EDD242D00BD8414 /* Scalar.swift in Sources */,
				AE0F7D491EDD242100BD8414 /* ParentComparable.swift in Sources */,
				AE0F7D4D1EDD243B00BD8414 /* CoupleOfPoints.swift in Sources */,
				AE0F7D231EDD23DC00BD8414 /* Association.swift in Sources */,
				AE0F7D2B1EDD23E000BD8414 /* RawProtocols.swift in Sources */,
				AE0F7D1E1EDD23DA00BD8414 /* Weak.swift in Sources */,
				AE0F7D721EDDDB6D00BD8414 /* RulerCircle.swift in Sources */,
				AE0F7D671EDD3BA000BD8414 /* Circle.swift in Sources */,
				AE0F7D341EDD23EE00BD8414 /* PolynomialRoots.swift in Sources */,
				AE5440BE1EF0B226004E7D54 /* FigureCanvas.swift in Sources */,
				AE0F7D651EDD3B9500BD8414 /* ParallelLine.swift in Sources */,
				AE0F7D371EDD23EE00BD8414 /* CubicPolynomial.swift in Sources */,
				AE0F7D441EDD242100BD8414 /* Touchable.swift in Sources */,
			);
			runOnlyForDeploymentPostprocessing = 0;
		};
		AEA2874E1EBCCB2C002E425F /* Sources */ = {
			isa = PBXSourcesBuildPhase;
			buildActionMask = 2147483647;
			files = (
				AEA287571EBCCB2C002E425F /* GeometrySampleTests.swift in Sources */,
			);
			runOnlyForDeploymentPostprocessing = 0;
		};
/* End PBXSourcesBuildPhase section */

/* Begin PBXTargetDependency section */
		AEA287541EBCCB2C002E425F /* PBXTargetDependency */ = {
			isa = PBXTargetDependency;
			target = AEA2873D1EBCCB2C002E425F /* GeometrySample */;
			targetProxy = AEA287531EBCCB2C002E425F /* PBXContainerItemProxy */;
		};
/* End PBXTargetDependency section */

/* Begin PBXVariantGroup section */
		AEA287451EBCCB2C002E425F /* Main.storyboard */ = {
			isa = PBXVariantGroup;
			children = (
				AEA287461EBCCB2C002E425F /* Base */,
			);
			name = Main.storyboard;
			sourceTree = "<group>";
		};
		AEA2874A1EBCCB2C002E425F /* LaunchScreen.storyboard */ = {
			isa = PBXVariantGroup;
			children = (
				AEA2874B1EBCCB2C002E425F /* Base */,
			);
			name = LaunchScreen.storyboard;
			sourceTree = "<group>";
		};
/* End PBXVariantGroup section */

/* Begin XCBuildConfiguration section */
		AEA287591EBCCB2C002E425F /* Debug */ = {
			isa = XCBuildConfiguration;
			buildSettings = {
				ALWAYS_SEARCH_USER_PATHS = NO;
				CLANG_ANALYZER_NONNULL = YES;
				CLANG_CXX_LANGUAGE_STANDARD = "gnu++0x";
				CLANG_CXX_LIBRARY = "libc++";
				CLANG_ENABLE_MODULES = YES;
				CLANG_ENABLE_OBJC_ARC = YES;
				CLANG_WARN_BOOL_CONVERSION = YES;
				CLANG_WARN_CONSTANT_CONVERSION = YES;
				CLANG_WARN_DIRECT_OBJC_ISA_USAGE = YES_ERROR;
				CLANG_WARN_DOCUMENTATION_COMMENTS = YES;
				CLANG_WARN_EMPTY_BODY = YES;
				CLANG_WARN_ENUM_CONVERSION = YES;
				CLANG_WARN_INFINITE_RECURSION = YES;
				CLANG_WARN_INT_CONVERSION = YES;
				CLANG_WARN_OBJC_ROOT_CLASS = YES_ERROR;
				CLANG_WARN_SUSPICIOUS_MOVES = YES;
				CLANG_WARN_UNREACHABLE_CODE = YES;
				CLANG_WARN__DUPLICATE_METHOD_MATCH = YES;
				"CODE_SIGN_IDENTITY[sdk=iphoneos*]" = "iPhone Developer";
				COPY_PHASE_STRIP = NO;
				DEBUG_INFORMATION_FORMAT = dwarf;
				ENABLE_STRICT_OBJC_MSGSEND = YES;
				ENABLE_TESTABILITY = YES;
				GCC_C_LANGUAGE_STANDARD = gnu99;
				GCC_DYNAMIC_NO_PIC = NO;
				GCC_NO_COMMON_BLOCKS = YES;
				GCC_OPTIMIZATION_LEVEL = 0;
				GCC_PREPROCESSOR_DEFINITIONS = (
					"DEBUG=1",
					"$(inherited)",
				);
				GCC_WARN_64_TO_32_BIT_CONVERSION = YES;
				GCC_WARN_ABOUT_RETURN_TYPE = YES_ERROR;
				GCC_WARN_UNDECLARED_SELECTOR = YES;
				GCC_WARN_UNINITIALIZED_AUTOS = YES_AGGRESSIVE;
				GCC_WARN_UNUSED_FUNCTION = YES;
				GCC_WARN_UNUSED_VARIABLE = YES;
				IPHONEOS_DEPLOYMENT_TARGET = 10.1;
				MTL_ENABLE_DEBUG_INFO = YES;
				ONLY_ACTIVE_ARCH = YES;
				SDKROOT = iphoneos;
				SWIFT_ACTIVE_COMPILATION_CONDITIONS = DEBUG;
				SWIFT_OPTIMIZATION_LEVEL = "-Onone";
				TARGETED_DEVICE_FAMILY = "1,2";
			};
			name = Debug;
		};
		AEA2875A1EBCCB2C002E425F /* Release */ = {
			isa = XCBuildConfiguration;
			buildSettings = {
				ALWAYS_SEARCH_USER_PATHS = NO;
				CLANG_ANALYZER_NONNULL = YES;
				CLANG_CXX_LANGUAGE_STANDARD = "gnu++0x";
				CLANG_CXX_LIBRARY = "libc++";
				CLANG_ENABLE_MODULES = YES;
				CLANG_ENABLE_OBJC_ARC = YES;
				CLANG_WARN_BOOL_CONVERSION = YES;
				CLANG_WARN_CONSTANT_CONVERSION = YES;
				CLANG_WARN_DIRECT_OBJC_ISA_USAGE = YES_ERROR;
				CLANG_WARN_DOCUMENTATION_COMMENTS = YES;
				CLANG_WARN_EMPTY_BODY = YES;
				CLANG_WARN_ENUM_CONVERSION = YES;
				CLANG_WARN_INFINITE_RECURSION = YES;
				CLANG_WARN_INT_CONVERSION = YES;
				CLANG_WARN_OBJC_ROOT_CLASS = YES_ERROR;
				CLANG_WARN_SUSPICIOUS_MOVES = YES;
				CLANG_WARN_UNREACHABLE_CODE = YES;
				CLANG_WARN__DUPLICATE_METHOD_MATCH = YES;
				"CODE_SIGN_IDENTITY[sdk=iphoneos*]" = "iPhone Developer";
				COPY_PHASE_STRIP = NO;
				DEBUG_INFORMATION_FORMAT = "dwarf-with-dsym";
				ENABLE_NS_ASSERTIONS = NO;
				ENABLE_STRICT_OBJC_MSGSEND = YES;
				GCC_C_LANGUAGE_STANDARD = gnu99;
				GCC_NO_COMMON_BLOCKS = YES;
				GCC_WARN_64_TO_32_BIT_CONVERSION = YES;
				GCC_WARN_ABOUT_RETURN_TYPE = YES_ERROR;
				GCC_WARN_UNDECLARED_SELECTOR = YES;
				GCC_WARN_UNINITIALIZED_AUTOS = YES_AGGRESSIVE;
				GCC_WARN_UNUSED_FUNCTION = YES;
				GCC_WARN_UNUSED_VARIABLE = YES;
				IPHONEOS_DEPLOYMENT_TARGET = 10.1;
				MTL_ENABLE_DEBUG_INFO = NO;
				SDKROOT = iphoneos;
				SWIFT_OPTIMIZATION_LEVEL = "-Owholemodule";
				TARGETED_DEVICE_FAMILY = "1,2";
				VALIDATE_PRODUCT = YES;
			};
			name = Release;
		};
		AEA2875C1EBCCB2C002E425F /* Debug */ = {
			isa = XCBuildConfiguration;
			baseConfigurationReference = 9FF6C6F56C8645116D7BD20C /* Pods-GeometrySample.debug.xcconfig */;
			buildSettings = {
				ASSETCATALOG_COMPILER_APPICON_NAME = AppIcon;
				DEVELOPMENT_TEAM = PQD87S5J6V;
				INFOPLIST_FILE = GeometrySample/Info.plist;
				LD_RUNPATH_SEARCH_PATHS = "$(inherited) @executable_path/Frameworks";
				PRODUCT_BUNDLE_IDENTIFIER = com.trovy.GeometrySample;
				PRODUCT_NAME = "$(TARGET_NAME)";
				SWIFT_VERSION = 3.0;
			};
			name = Debug;
		};
		AEA2875D1EBCCB2C002E425F /* Release */ = {
			isa = XCBuildConfiguration;
			baseConfigurationReference = 08B914015758F9D3A0EA3CC5 /* Pods-GeometrySample.release.xcconfig */;
			buildSettings = {
				ASSETCATALOG_COMPILER_APPICON_NAME = AppIcon;
				DEVELOPMENT_TEAM = PQD87S5J6V;
				INFOPLIST_FILE = GeometrySample/Info.plist;
				LD_RUNPATH_SEARCH_PATHS = "$(inherited) @executable_path/Frameworks";
				PRODUCT_BUNDLE_IDENTIFIER = com.trovy.GeometrySample;
				PRODUCT_NAME = "$(TARGET_NAME)";
				SWIFT_VERSION = 3.0;
			};
			name = Release;
		};
		AEA2875F1EBCCB2C002E425F /* Debug */ = {
			isa = XCBuildConfiguration;
			baseConfigurationReference = 32B63DA0331CCBBC5E726895 /* Pods-GeometrySampleTests.debug.xcconfig */;
			buildSettings = {
				ALWAYS_EMBED_SWIFT_STANDARD_LIBRARIES = YES;
				BUNDLE_LOADER = "$(TEST_HOST)";
				DEVELOPMENT_TEAM = PQD87S5J6V;
				INFOPLIST_FILE = GeometrySampleTests/Info.plist;
				LD_RUNPATH_SEARCH_PATHS = "$(inherited) @executable_path/Frameworks @loader_path/Frameworks";
				PRODUCT_BUNDLE_IDENTIFIER = com.trovy.GeometrySampleTests;
				PRODUCT_NAME = "$(TARGET_NAME)";
				SWIFT_VERSION = 3.0;
				TEST_HOST = "$(BUILT_PRODUCTS_DIR)/GeometrySample.app/GeometrySample";
			};
			name = Debug;
		};
		AEA287601EBCCB2C002E425F /* Release */ = {
			isa = XCBuildConfiguration;
			baseConfigurationReference = 1AFD956535FF38239364E7D7 /* Pods-GeometrySampleTests.release.xcconfig */;
			buildSettings = {
				ALWAYS_EMBED_SWIFT_STANDARD_LIBRARIES = YES;
				BUNDLE_LOADER = "$(TEST_HOST)";
				DEVELOPMENT_TEAM = PQD87S5J6V;
				INFOPLIST_FILE = GeometrySampleTests/Info.plist;
				LD_RUNPATH_SEARCH_PATHS = "$(inherited) @executable_path/Frameworks @loader_path/Frameworks";
				PRODUCT_BUNDLE_IDENTIFIER = com.trovy.GeometrySampleTests;
				PRODUCT_NAME = "$(TARGET_NAME)";
				SWIFT_VERSION = 3.0;
				TEST_HOST = "$(BUILT_PRODUCTS_DIR)/GeometrySample.app/GeometrySample";
			};
			name = Release;
		};
/* End XCBuildConfiguration section */

/* Begin XCConfigurationList section */
		AEA287391EBCCB2C002E425F /* Build configuration list for PBXProject "GeometrySample" */ = {
			isa = XCConfigurationList;
			buildConfigurations = (
				AEA287591EBCCB2C002E425F /* Debug */,
				AEA2875A1EBCCB2C002E425F /* Release */,
			);
			defaultConfigurationIsVisible = 0;
			defaultConfigurationName = Release;
		};
		AEA2875B1EBCCB2C002E425F /* Build configuration list for PBXNativeTarget "GeometrySample" */ = {
			isa = XCConfigurationList;
			buildConfigurations = (
				AEA2875C1EBCCB2C002E425F /* Debug */,
				AEA2875D1EBCCB2C002E425F /* Release */,
			);
			defaultConfigurationIsVisible = 0;
			defaultConfigurationName = Release;
		};
		AEA2875E1EBCCB2C002E425F /* Build configuration list for PBXNativeTarget "GeometrySampleTests" */ = {
			isa = XCConfigurationList;
			buildConfigurations = (
				AEA2875F1EBCCB2C002E425F /* Debug */,
				AEA287601EBCCB2C002E425F /* Release */,
			);
			defaultConfigurationIsVisible = 0;
			defaultConfigurationName = Release;
		};
/* End XCConfigurationList section */
	};
	rootObject = AEA287361EBCCB2C002E425F /* Project object */;
}
